
Microsoft Visual Studio Solution File, Format Version 12.00
# Visual Studio 15
VisualStudioVersion = 15.0.27703.2047
MinimumVisualStudioVersion = 10.0.40219.1
Project("{FAE04EC0-301F-11D3-BF4B-00C04F79EFBC}") = "HaE_Turretslaver", "HaE_Turretslaver\HaE_Turretslaver.csproj", "{93BC67CD-BEE9-4422-B847-BA2A04661C7C}"
EndProject
Project("{D954291E-2A0B-460D-934E-DC6B0785DB48}") = "HaE WeaponUtils", "..\..\..\MDK_Projects\Shared Projects\HaE WeaponUtils\HaE WeaponUtils.shproj", "{57C7E733-954E-4755-8B80-E73B91FB4A6F}"
EndProject
Project("{D954291E-2A0B-460D-934E-DC6B0785DB48}") = "HaE Targeting", "..\..\..\MDK_Projects\Shared Projects\HaE Targeting\HaE Targeting.shproj", "{2C0B9AAB-8C08-40EF-A9F4-980DBA0E4B11}"
EndProject
Project("{D954291E-2A0B-460D-934E-DC6B0785DB48}") = "HaE EntityTrackingModule", "..\..\..\MDK_Projects\Shared Projects\EntityTrackingModule\HaE EntityTrackingModule.shproj", "{BFA2687A-1112-44DF-BC64-F0FC7F2A1D32}"
EndProject
Project("{D954291E-2A0B-460D-934E-DC6B0785DB48}") = "HaE GridTerminalSystemUtils", "..\..\..\MDK_Projects\Shared Projects\HaE GridTerminalSystemUtils\HaE GridTerminalSystemUtils.shproj", "{EC6DFC99-0769-41FC-96A3-029FBEB3A7A1}"
EndProject
Global
	GlobalSection(SharedMSBuildProjectFiles) = preSolution
		..\..\..\MDK_Projects\Shared Projects\HaE Targeting\HaE Targeting.projitems*{2c0b9aab-8c08-40ef-a9f4-980dba0e4b11}*SharedItemsImports = 13
		..\..\..\MDK_Projects\Shared Projects\HaE WeaponUtils\HaE WeaponUtils.projitems*{57c7e733-954e-4755-8b80-e73b91fb4a6f}*SharedItemsImports = 13
		..\..\..\MDK_Projects\Shared Projects\EntityTrackingModule\EntityTrackingModule.projitems*{93bc67cd-bee9-4422-b847-ba2a04661c7c}*SharedItemsImports = 4
		..\..\..\MDK_Projects\Shared Projects\HaE GridTerminalSystemUtils\HaE GridTerminalSystemUtils.projitems*{93bc67cd-bee9-4422-b847-ba2a04661c7c}*SharedItemsImports = 4
		..\..\..\MDK_Projects\Shared Projects\HaE Targeting\HaE Targeting.projitems*{93bc67cd-bee9-4422-b847-ba2a04661c7c}*SharedItemsImports = 4
		..\..\..\MDK_Projects\Shared Projects\HaE WeaponUtils\HaE WeaponUtils.projitems*{93bc67cd-bee9-4422-b847-ba2a04661c7c}*SharedItemsImports = 4
		..\..\..\MDK_Projects\Shared Projects\EntityTrackingModule\EntityTrackingModule.projitems*{bfa2687a-1112-44df-bc64-f0fc7f2a1d32}*SharedItemsImports = 13
		..\..\..\MDK_Projects\Shared Projects\HaE GridTerminalSystemUtils\HaE GridTerminalSystemUtils.projitems*{ec6dfc99-0769-41fc-96a3-029fbeb3a7a1}*SharedItemsImports = 13
	EndGlobalSection
	GlobalSection(SolutionConfigurationPlatforms) = preSolution
		Debug|x64 = Debug|x64
	EndGlobalSection
	GlobalSection(ProjectConfigurationPlatforms) = postSolution
		{93BC67CD-BEE9-4422-B847-BA2A04661C7C}.Debug|x64.ActiveCfg = Debug|x64
		{93BC67CD-BEE9-4422-B847-BA2A04661C7C}.Debug|x64.Build.0 = Debug|x64
	EndGlobalSection
	GlobalSection(SolutionProperties) = preSolution
		HideSolutionNode = FALSE
	EndGlobalSection
	GlobalSection(ExtensibilityGlobals) = postSolution
		SolutionGuid = {9A37E4CF-B01D-4D01-BAA2-73DEF6ABFAFD}
	EndGlobalSection
EndGlobal
